{
  "version": 4,
  "terraform_version": "1.7.3",
  "serial": 11,
  "lineage": "3a0ff04a-c336-c1c5-e1b3-cf31586f6468",
  "outputs": {},
  "resources": [
    {
      "mode": "managed",
      "type": "azurerm_data_factory",
      "name": "example",
      "provider": "provider[\"registry.terraform.io/hashicorp/azurerm\"]",
      "instances": [
        {
          "schema_version": 1,
          "attributes": {
            "github_configuration": [],
            "id": "/subscriptions/a5ba5a6f-5c8e-44e2-b065-9957e23fa095/resourceGroups/jeevacreation/providers/Microsoft.DataFactory/factories/jeevacreation-data-factory",
            "identity": [],
            "location": "westeurope",
            "name": "jeevaCreation-data-factory",
            "public_network_enabled": true,
            "resource_group_name": "jeevacreation",
            "tags": {
              "environment": "Production",
              "terraform": "terraform"
            },
            "timeouts": null,
            "vsts_configuration": []
          },
          "sensitive_attributes": [],
          "private": "eyJlMmJmYjczMC1lY2FhLTExZTYtOGY4OC0zNDM2M2JjN2M0YzAiOnsiY3JlYXRlIjoxODAwMDAwMDAwMDAwLCJkZWxldGUiOjE4MDAwMDAwMDAwMDAsInJlYWQiOjMwMDAwMDAwMDAwMCwidXBkYXRlIjoxODAwMDAwMDAwMDAwfSwic2NoZW1hX3ZlcnNpb24iOiIxIn0=",
          "dependencies": [
            "azurerm_resource_group.jeevaCreation"
          ]
        }
      ]
    },
    {
      "mode": "managed",
      "type": "azurerm_data_factory_pipeline",
      "name": "example",
      "provider": "provider[\"registry.terraform.io/hashicorp/azurerm\"]",
      "instances": [
        {
          "schema_version": 0,
          "attributes": {
            "activities_json": null,
            "annotations": null,
            "data_factory_name": "jeevaCreation-data-factory",
            "description": "",
            "id": "/subscriptions/a5ba5a6f-5c8e-44e2-b065-9957e23fa095/resourceGroups/jeevaCreation/providers/Microsoft.DataFactory/factories/jeevaCreation-data-factory/pipelines/jeevaCreation-data-pipeline",
            "name": "jeevaCreation-data-pipeline",
            "parameters": null,
            "resource_group_name": "jeevaCreation",
            "timeouts": null,
            "variables": null
          },
          "sensitive_attributes": [],
          "private": "eyJlMmJmYjczMC1lY2FhLTExZTYtOGY4OC0zNDM2M2JjN2M0YzAiOnsiY3JlYXRlIjoxODAwMDAwMDAwMDAwLCJkZWxldGUiOjE4MDAwMDAwMDAwMDAsInJlYWQiOjMwMDAwMDAwMDAwMCwidXBkYXRlIjoxODAwMDAwMDAwMDAwfX0=",
          "dependencies": [
            "azurerm_data_factory.example",
            "azurerm_resource_group.jeevaCreation"
          ]
        }
      ]
    },
    {
      "mode": "managed",
      "type": "azurerm_network_security_group",
      "name": "SGRoup",
      "provider": "provider[\"registry.terraform.io/hashicorp/azurerm\"]",
      "instances": [
        {
          "schema_version": 0,
          "attributes": {
            "id": "/subscriptions/a5ba5a6f-5c8e-44e2-b065-9957e23fa095/resourceGroups/jeevaCreation/providers/Microsoft.Network/networkSecurityGroups/SGRoup",
            "location": "westeurope",
            "name": "SGRoup",
            "resource_group_name": "jeevaCreation",
            "security_rule": [
              {
                "access": "Allow",
                "description": "",
                "destination_address_prefix": "*",
                "destination_address_prefixes": [],
                "destination_application_security_group_ids": [],
                "destination_port_range": "*",
                "destination_port_ranges": [],
                "direction": "Inbound",
                "name": "test123",
                "priority": 100,
                "protocol": "Tcp",
                "source_address_prefix": "*",
                "source_address_prefixes": [],
                "source_application_security_group_ids": [],
                "source_port_range": "*",
                "source_port_ranges": []
              }
            ],
            "tags": {
              "environment": "Production"
            },
            "timeouts": null
          },
          "sensitive_attributes": [],
          "private": "eyJlMmJmYjczMC1lY2FhLTExZTYtOGY4OC0zNDM2M2JjN2M0YzAiOnsiY3JlYXRlIjoxODAwMDAwMDAwMDAwLCJkZWxldGUiOjE4MDAwMDAwMDAwMDAsInJlYWQiOjMwMDAwMDAwMDAwMCwidXBkYXRlIjoxODAwMDAwMDAwMDAwfX0=",
          "dependencies": [
            "azurerm_resource_group.jeevaCreation"
          ]
        }
      ]
    },
    {
      "mode": "managed",
      "type": "azurerm_network_security_group",
      "name": "snet",
      "provider": "provider[\"registry.terraform.io/hashicorp/azurerm\"]",
      "instances": [
        {
          "schema_version": 0,
          "attributes": {
            "id": "/subscriptions/a5ba5a6f-5c8e-44e2-b065-9957e23fa095/resourceGroups/jeevaCreation/providers/Microsoft.Network/networkSecurityGroups/snet",
            "location": "westeurope",
            "name": "snet",
            "resource_group_name": "jeevaCreation",
            "security_rule": [],
            "tags": null,
            "timeouts": null
          },
          "sensitive_attributes": [],
          "private": "eyJlMmJmYjczMC1lY2FhLTExZTYtOGY4OC0zNDM2M2JjN2M0YzAiOnsiY3JlYXRlIjoxODAwMDAwMDAwMDAwLCJkZWxldGUiOjE4MDAwMDAwMDAwMDAsInJlYWQiOjMwMDAwMDAwMDAwMCwidXBkYXRlIjoxODAwMDAwMDAwMDAwfX0=",
          "dependencies": [
            "azurerm_resource_group.jeevaCreation"
          ]
        }
      ]
    },
    {
      "mode": "managed",
      "type": "azurerm_resource_group",
      "name": "jeevaCreation",
      "provider": "provider[\"registry.terraform.io/hashicorp/azurerm\"]",
      "instances": [
        {
          "schema_version": 0,
          "attributes": {
            "id": "/subscriptions/a5ba5a6f-5c8e-44e2-b065-9957e23fa095/resourceGroups/jeevaCreation",
            "location": "westeurope",
            "name": "jeevaCreation",
            "tags": null,
            "timeouts": null
          },
          "sensitive_attributes": [],
          "private": "eyJlMmJmYjczMC1lY2FhLTExZTYtOGY4OC0zNDM2M2JjN2M0YzAiOnsiY3JlYXRlIjo1NDAwMDAwMDAwMDAwLCJkZWxldGUiOjU0MDAwMDAwMDAwMDAsInJlYWQiOjMwMDAwMDAwMDAwMCwidXBkYXRlIjo1NDAwMDAwMDAwMDAwfX0="
        }
      ]
    },
    {
      "mode": "managed",
      "type": "azurerm_storage_account",
      "name": "gpedev",
      "provider": "provider[\"registry.terraform.io/hashicorp/azurerm\"]",
      "instances": [
        {
          "schema_version": 2,
          "attributes": {
            "access_tier": "Hot",
            "account_kind": "StorageV2",
            "account_replication_type": "LRS",
            "account_tier": "Standard",
            "allow_blob_public_access": false,
            "blob_properties": [],
            "custom_domain": [],
            "enable_https_traffic_only": true,
            "id": "/subscriptions/a5ba5a6f-5c8e-44e2-b065-9957e23fa095/resourceGroups/jeevaCreation/providers/Microsoft.Storage/storageAccounts/jeevadevelopment",
            "identity": [],
            "is_hns_enabled": true,
            "large_file_share_enabled": null,
            "location": "westeurope",
            "min_tls_version": "TLS1_0",
            "name": "jeevadevelopment",
            "network_rules": [
              {
                "bypass": [
                  "AzureServices"
                ],
                "default_action": "Allow",
                "ip_rules": [],
                "virtual_network_subnet_ids": []
              }
            ],
            "primary_access_key": "ITmFoPmz9VnxMgax9vJ4aRgAme0miCwA5vAGmCjEOsDpjBmA9bX3GVIqSzkMWjw0veVmZhDoSlSi+AStNDrXTQ==",
            "primary_blob_connection_string": "DefaultEndpointsProtocol=https;BlobEndpoint=https://jeevadevelopment.blob.core.windows.net/;AccountName=jeevadevelopment;AccountKey=ITmFoPmz9VnxMgax9vJ4aRgAme0miCwA5vAGmCjEOsDpjBmA9bX3GVIqSzkMWjw0veVmZhDoSlSi+AStNDrXTQ==",
            "primary_blob_endpoint": "https://jeevadevelopment.blob.core.windows.net/",
            "primary_blob_host": "jeevadevelopment.blob.core.windows.net",
            "primary_connection_string": "DefaultEndpointsProtocol=https;AccountName=jeevadevelopment;AccountKey=ITmFoPmz9VnxMgax9vJ4aRgAme0miCwA5vAGmCjEOsDpjBmA9bX3GVIqSzkMWjw0veVmZhDoSlSi+AStNDrXTQ==;EndpointSuffix=core.windows.net",
            "primary_dfs_endpoint": "https://jeevadevelopment.dfs.core.windows.net/",
            "primary_dfs_host": "jeevadevelopment.dfs.core.windows.net",
            "primary_file_endpoint": "https://jeevadevelopment.file.core.windows.net/",
            "primary_file_host": "jeevadevelopment.file.core.windows.net",
            "primary_location": "westeurope",
            "primary_queue_endpoint": "https://jeevadevelopment.queue.core.windows.net/",
            "primary_queue_host": "jeevadevelopment.queue.core.windows.net",
            "primary_table_endpoint": "https://jeevadevelopment.table.core.windows.net/",
            "primary_table_host": "jeevadevelopment.table.core.windows.net",
            "primary_web_endpoint": "https://jeevadevelopment.z6.web.core.windows.net/",
            "primary_web_host": "jeevadevelopment.z6.web.core.windows.net",
            "queue_properties": [
              {
                "cors_rule": [],
                "hour_metrics": [
                  {
                    "enabled": true,
                    "include_apis": true,
                    "retention_policy_days": 7,
                    "version": "1.0"
                  }
                ],
                "logging": [
                  {
                    "delete": false,
                    "read": false,
                    "retention_policy_days": 0,
                    "version": "1.0",
                    "write": false
                  }
                ],
                "minute_metrics": [
                  {
                    "enabled": false,
                    "include_apis": false,
                    "retention_policy_days": 0,
                    "version": "1.0"
                  }
                ]
              }
            ],
            "resource_group_name": "jeevaCreation",
            "secondary_access_key": "5x0iDoIGSrBOlK08t/yvUE2U5iQA6S0d9rHYhTXd9RsfuVBYyGtyCsTRC819xf9tQFfCTLofSv7R+AStKUVJjQ==",
            "secondary_blob_connection_string": "",
            "secondary_blob_endpoint": null,
            "secondary_blob_host": null,
            "secondary_connection_string": "DefaultEndpointsProtocol=https;AccountName=jeevadevelopment;AccountKey=5x0iDoIGSrBOlK08t/yvUE2U5iQA6S0d9rHYhTXd9RsfuVBYyGtyCsTRC819xf9tQFfCTLofSv7R+AStKUVJjQ==;EndpointSuffix=core.windows.net",
            "secondary_dfs_endpoint": null,
            "secondary_dfs_host": null,
            "secondary_file_endpoint": null,
            "secondary_file_host": null,
            "secondary_location": "",
            "secondary_queue_endpoint": null,
            "secondary_queue_host": null,
            "secondary_table_endpoint": null,
            "secondary_table_host": null,
            "secondary_web_endpoint": null,
            "secondary_web_host": null,
            "static_website": [],
            "tags": null,
            "timeouts": null
          },
          "sensitive_attributes": [],
          "private": "eyJlMmJmYjczMC1lY2FhLTExZTYtOGY4OC0zNDM2M2JjN2M0YzAiOnsiY3JlYXRlIjozNjAwMDAwMDAwMDAwLCJkZWxldGUiOjM2MDAwMDAwMDAwMDAsInJlYWQiOjMwMDAwMDAwMDAwMCwidXBkYXRlIjozNjAwMDAwMDAwMDAwfSwic2NoZW1hX3ZlcnNpb24iOiIyIn0=",
          "dependencies": [
            "azurerm_resource_group.jeevaCreation"
          ]
        }
      ]
    },
    {
      "mode": "managed",
      "type": "azurerm_virtual_network",
      "name": "example",
      "provider": "provider[\"registry.terraform.io/hashicorp/azurerm\"]",
      "instances": [
        {
          "schema_version": 0,
          "attributes": {
            "address_space": [
              "10.0.0.0/16"
            ],
            "bgp_community": "",
            "ddos_protection_plan": [],
            "dns_servers": [
              "10.0.0.4",
              "10.0.0.5"
            ],
            "guid": "dd92a83e-32d3-47cf-8126-a4235f9b7a97",
            "id": "/subscriptions/a5ba5a6f-5c8e-44e2-b065-9957e23fa095/resourceGroups/jeevaCreation/providers/Microsoft.Network/virtualNetworks/VNET",
            "location": "westeurope",
            "name": "VNET",
            "resource_group_name": "jeevaCreation",
            "subnet": [
              {
                "address_prefix": "10.0.1.0/24",
                "id": "/subscriptions/a5ba5a6f-5c8e-44e2-b065-9957e23fa095/resourceGroups/jeevaCreation/providers/Microsoft.Network/virtualNetworks/VNET/subnets/subnet1",
                "name": "subnet1",
                "security_group": ""
              },
              {
                "address_prefix": "10.0.2.0/24",
                "id": "/subscriptions/a5ba5a6f-5c8e-44e2-b065-9957e23fa095/resourceGroups/jeevaCreation/providers/Microsoft.Network/virtualNetworks/VNET/subnets/subnet2",
                "name": "subnet2",
                "security_group": "/subscriptions/a5ba5a6f-5c8e-44e2-b065-9957e23fa095/resourceGroups/jeevaCreation/providers/Microsoft.Network/networkSecurityGroups/snet"
              }
            ],
            "tags": {
              "environment": "Production"
            },
            "timeouts": null,
            "vm_protection_enabled": false
          },
          "sensitive_attributes": [],
          "private": "eyJlMmJmYjczMC1lY2FhLTExZTYtOGY4OC0zNDM2M2JjN2M0YzAiOnsiY3JlYXRlIjoxODAwMDAwMDAwMDAwLCJkZWxldGUiOjE4MDAwMDAwMDAwMDAsInJlYWQiOjMwMDAwMDAwMDAwMCwidXBkYXRlIjoxODAwMDAwMDAwMDAwfX0=",
          "dependencies": [
            "azurerm_network_security_group.snet",
            "azurerm_resource_group.jeevaCreation"
          ]
        }
      ]
    }
  ],
  "check_results": null
}
